
Microsoft Visual Studio Solution File, Format Version 12.00
# Visual Studio Version 17
VisualStudioVersion = 17.12.35506.116
MinimumVisualStudioVersion = 10.0.40219.1
Project("{FAE04EC0-301F-11D3-BF4B-00C04F79EFBC}") = "SGCP.Shared", "SGCP.Shared\SGCP.Shared.csproj", "{7CDFE96F-9D74-41B4-ABCF-A83AD10D8153}"
EndProject
Project("{FAE04EC0-301F-11D3-BF4B-00C04F79EFBC}") = "SGCP.Test", "SGCP.Test\SGCP.Test.csproj", "{4A065F0D-65C1-43B2-ABB4-28597727DA91}"
EndProject
Project("{FAE04EC0-301F-11D3-BF4B-00C04F79EFBC}") = "SGCP.Core", "SGCP.Core\SGCP.Core.csproj", "{869BC1EA-9464-4E9A-9EBE-36A7E25B2D7C}"
EndProject
Project("{FAE04EC0-301F-11D3-BF4B-00C04F79EFBC}") = "SGCP.Infra", "SGCP.Infra\SGCP.Infra.csproj", "{22FB065A-B89C-4069-A71F-C5CD467B3575}"
EndProject
Project("{FAE04EC0-301F-11D3-BF4B-00C04F79EFBC}") = "SGCP.UI", "SGCP.UI\SGCP.UI.csproj", "{DDC8F446-D63C-4046-8249-E743A723A56E}"
EndProject
Global
	GlobalSection(SolutionConfigurationPlatforms) = preSolution
		Debug|Any CPU = Debug|Any CPU
		Debug|x64 = Debug|x64
		Debug|x86 = Debug|x86
		Release|Any CPU = Release|Any CPU
		Release|x64 = Release|x64
		Release|x86 = Release|x86
	EndGlobalSection
	GlobalSection(ProjectConfigurationPlatforms) = postSolution
		{7CDFE96F-9D74-41B4-ABCF-A83AD10D8153}.Debug|Any CPU.ActiveCfg = Debug|Any CPU
		{7CDFE96F-9D74-41B4-ABCF-A83AD10D8153}.Debug|Any CPU.Build.0 = Debug|Any CPU
		{7CDFE96F-9D74-41B4-ABCF-A83AD10D8153}.Debug|x64.ActiveCfg = Debug|Any CPU
		{7CDFE96F-9D74-41B4-ABCF-A83AD10D8153}.Debug|x64.Build.0 = Debug|Any CPU
		{7CDFE96F-9D74-41B4-ABCF-A83AD10D8153}.Debug|x86.ActiveCfg = Debug|Any CPU
		{7CDFE96F-9D74-41B4-ABCF-A83AD10D8153}.Debug|x86.Build.0 = Debug|Any CPU
		{7CDFE96F-9D74-41B4-ABCF-A83AD10D8153}.Release|Any CPU.ActiveCfg = Release|Any CPU
		{7CDFE96F-9D74-41B4-ABCF-A83AD10D8153}.Release|Any CPU.Build.0 = Release|Any CPU
		{7CDFE96F-9D74-41B4-ABCF-A83AD10D8153}.Release|x64.ActiveCfg = Release|Any CPU
		{7CDFE96F-9D74-41B4-ABCF-A83AD10D8153}.Release|x64.Build.0 = Release|Any CPU
		{7CDFE96F-9D74-41B4-ABCF-A83AD10D8153}.Release|x86.ActiveCfg = Release|Any CPU
		{7CDFE96F-9D74-41B4-ABCF-A83AD10D8153}.Release|x86.Build.0 = Release|Any CPU
		{4A065F0D-65C1-43B2-ABB4-28597727DA91}.Debug|Any CPU.ActiveCfg = Debug|Any CPU
		{4A065F0D-65C1-43B2-ABB4-28597727DA91}.Debug|Any CPU.Build.0 = Debug|Any CPU
		{4A065F0D-65C1-43B2-ABB4-28597727DA91}.Debug|x64.ActiveCfg = Debug|Any CPU
		{4A065F0D-65C1-43B2-ABB4-28597727DA91}.Debug|x64.Build.0 = Debug|Any CPU
		{4A065F0D-65C1-43B2-ABB4-28597727DA91}.Debug|x86.ActiveCfg = Debug|Any CPU
		{4A065F0D-65C1-43B2-ABB4-28597727DA91}.Debug|x86.Build.0 = Debug|Any CPU
		{4A065F0D-65C1-43B2-ABB4-28597727DA91}.Release|Any CPU.ActiveCfg = Release|Any CPU
		{4A065F0D-65C1-43B2-ABB4-28597727DA91}.Release|Any CPU.Build.0 = Release|Any CPU
		{4A065F0D-65C1-43B2-ABB4-28597727DA91}.Release|x64.ActiveCfg = Release|Any CPU
		{4A065F0D-65C1-43B2-ABB4-28597727DA91}.Release|x64.Build.0 = Release|Any CPU
		{4A065F0D-65C1-43B2-ABB4-28597727DA91}.Release|x86.ActiveCfg = Release|Any CPU
		{4A065F0D-65C1-43B2-ABB4-28597727DA91}.Release|x86.Build.0 = Release|Any CPU
		{869BC1EA-9464-4E9A-9EBE-36A7E25B2D7C}.Debug|Any CPU.ActiveCfg = Debug|Any CPU
		{869BC1EA-9464-4E9A-9EBE-36A7E25B2D7C}.Debug|Any CPU.Build.0 = Debug|Any CPU
		{869BC1EA-9464-4E9A-9EBE-36A7E25B2D7C}.Debug|x64.ActiveCfg = Debug|Any CPU
		{869BC1EA-9464-4E9A-9EBE-36A7E25B2D7C}.Debug|x64.Build.0 = Debug|Any CPU
		{869BC1EA-9464-4E9A-9EBE-36A7E25B2D7C}.Debug|x86.ActiveCfg = Debug|Any CPU
		{869BC1EA-9464-4E9A-9EBE-36A7E25B2D7C}.Debug|x86.Build.0 = Debug|Any CPU
		{869BC1EA-9464-4E9A-9EBE-36A7E25B2D7C}.Release|Any CPU.ActiveCfg = Release|Any CPU
		{869BC1EA-9464-4E9A-9EBE-36A7E25B2D7C}.Release|Any CPU.Build.0 = Release|Any CPU
		{869BC1EA-9464-4E9A-9EBE-36A7E25B2D7C}.Release|x64.ActiveCfg = Release|Any CPU
		{869BC1EA-9464-4E9A-9EBE-36A7E25B2D7C}.Release|x64.Build.0 = Release|Any CPU
		{869BC1EA-9464-4E9A-9EBE-36A7E25B2D7C}.Release|x86.ActiveCfg = Release|Any CPU
		{869BC1EA-9464-4E9A-9EBE-36A7E25B2D7C}.Release|x86.Build.0 = Release|Any CPU
		{22FB065A-B89C-4069-A71F-C5CD467B3575}.Debug|Any CPU.ActiveCfg = Debug|Any CPU
		{22FB065A-B89C-4069-A71F-C5CD467B3575}.Debug|Any CPU.Build.0 = Debug|Any CPU
		{22FB065A-B89C-4069-A71F-C5CD467B3575}.Debug|x64.ActiveCfg = Debug|Any CPU
		{22FB065A-B89C-4069-A71F-C5CD467B3575}.Debug|x64.Build.0 = Debug|Any CPU
		{22FB065A-B89C-4069-A71F-C5CD467B3575}.Debug|x86.ActiveCfg = Debug|Any CPU
		{22FB065A-B89C-4069-A71F-C5CD467B3575}.Debug|x86.Build.0 = Debug|Any CPU
		{22FB065A-B89C-4069-A71F-C5CD467B3575}.Release|Any CPU.ActiveCfg = Release|Any CPU
		{22FB065A-B89C-4069-A71F-C5CD467B3575}.Release|Any CPU.Build.0 = Release|Any CPU
		{22FB065A-B89C-4069-A71F-C5CD467B3575}.Release|x64.ActiveCfg = Release|Any CPU
		{22FB065A-B89C-4069-A71F-C5CD467B3575}.Release|x64.Build.0 = Release|Any CPU
		{22FB065A-B89C-4069-A71F-C5CD467B3575}.Release|x86.ActiveCfg = Release|Any CPU
		{22FB065A-B89C-4069-A71F-C5CD467B3575}.Release|x86.Build.0 = Release|Any CPU
		{DDC8F446-D63C-4046-8249-E743A723A56E}.Debug|Any CPU.ActiveCfg = Debug|Any CPU
		{DDC8F446-D63C-4046-8249-E743A723A56E}.Debug|Any CPU.Build.0 = Debug|Any CPU
		{DDC8F446-D63C-4046-8249-E743A723A56E}.Debug|x64.ActiveCfg = Debug|Any CPU
		{DDC8F446-D63C-4046-8249-E743A723A56E}.Debug|x64.Build.0 = Debug|Any CPU
		{DDC8F446-D63C-4046-8249-E743A723A56E}.Debug|x86.ActiveCfg = Debug|Any CPU
		{DDC8F446-D63C-4046-8249-E743A723A56E}.Debug|x86.Build.0 = Debug|Any CPU
		{DDC8F446-D63C-4046-8249-E743A723A56E}.Release|Any CPU.ActiveCfg = Release|Any CPU
		{DDC8F446-D63C-4046-8249-E743A723A56E}.Release|Any CPU.Build.0 = Release|Any CPU
		{DDC8F446-D63C-4046-8249-E743A723A56E}.Release|x64.ActiveCfg = Release|Any CPU
		{DDC8F446-D63C-4046-8249-E743A723A56E}.Release|x64.Build.0 = Release|Any CPU
		{DDC8F446-D63C-4046-8249-E743A723A56E}.Release|x86.ActiveCfg = Release|Any CPU
		{DDC8F446-D63C-4046-8249-E743A723A56E}.Release|x86.Build.0 = Release|Any CPU
	EndGlobalSection
	GlobalSection(SolutionProperties) = preSolution
		HideSolutionNode = FALSE
	EndGlobalSection

EndGlobal
